
Microsoft Visual Studio Solution File, Format Version 12.00
# Visual Studio Version 17
VisualStudioVersion = 17.2.32526.322
MinimumVisualStudioVersion = 10.0.40219.1
Project("{FAE04EC0-301F-11D3-BF4B-00C04F79EFBC}") = "FormsApp", "FormsApp\FormsApp.csproj", "{FCEC9D16-7F73-4E55-9F7C-6DF178E26623}"
EndProject
Project("{FAE04EC0-301F-11D3-BF4B-00C04F79EFBC}") = "API", "API\API.csproj", "{492CB8CB-B193-4E85-93FB-85CED568956A}"
EndProject
Global
	GlobalSection(SolutionConfigurationPlatforms) = preSolution
		Debug|Any CPU = Debug|Any CPU
		Release|Any CPU = Release|Any CPU
	EndGlobalSection
	GlobalSection(ProjectConfigurationPlatforms) = postSolution
		{FCEC9D16-7F73-4E55-9F7C-6DF178E26623}.Debug|Any CPU.ActiveCfg = Debug|Any CPU
		{FCEC9D16-7F73-4E55-9F7C-6DF178E26623}.Debug|Any CPU.Build.0 = Debug|Any CPU
		{FCEC9D16-7F73-4E55-9F7C-6DF178E26623}.Release|Any CPU.ActiveCfg = Release|Any CPU
		{FCEC9D16-7F73-4E55-9F7C-6DF178E26623}.Release|Any CPU.Build.0 = Release|Any CPU
		{492CB8CB-B193-4E85-93FB-85CED568956A}.Debug|Any CPU.ActiveCfg = Debug|Any CPU
		{492CB8CB-B193-4E85-93FB-85CED568956A}.Debug|Any CPU.Build.0 = Debug|Any CPU
		{492CB8CB-B193-4E85-93FB-85CED568956A}.Release|Any CPU.ActiveCfg = Release|Any CPU
		{492CB8CB-B193-4E85-93FB-85CED568956A}.Release|Any CPU.Build.0 = Release|Any CPU
	EndGlobalSection
	GlobalSection(SolutionProperties) = preSolution
		HideSolutionNode = FALSE
	EndGlobalSection
	GlobalSection(ExtensibilityGlobals) = postSolution
		SolutionGuid = {A036DD21-2CC0-4949-BD26-4DB5171E4640}
	EndGlobalSection
EndGlobal
